<?xml version="1.0" encoding="utf-8"?>
<Project ToolsVersion="4.0" xmlns="http://schemas.microsoft.com/developer/msbuild/2003">
  <ItemGroup>
    <ClInclude Include="spu\spu.hpp" />
    <ClInclude Include="system.hpp" />
    <ClInclude Include="util.hpp" />
    <ClInclude Include="stdafx.hpp" />
    <ClInclude Include="bus\bus.hpp" />
    <ClInclude Include="gpu\gpu.hpp" />
    <ClInclude Include="r3051\cop0.hpp" />
    <ClInclude Include="r3051\r3051.hpp" />
  </ItemGroup>
  <ItemGroup>
    <ClCompile Include="stdafx.cpp" />
    <ClCompile Include="psxact.cpp" />
    <ClCompile Include="system.cpp" />
    <ClCompile Include="r3051\cop0.cpp" />
    <ClCompile Include="r3051\dcache.cpp" />
    <ClCompile Include="r3051\icache.cpp" />
    <ClCompile Include="r3051\r3051.cpp" />
    <ClCompile Include="r3051\stage-dc.cpp" />
    <ClCompile Include="r3051\stage-ex.cpp" />
    <ClCompile Include="r3051\stage-ic.cpp" />
    <ClCompile Include="r3051\stage-rf.cpp" />
    <ClCompile Include="r3051\stage-wb.cpp" />
    <ClCompile Include="gpu\gpu.cpp" />
    <ClCompile Include="bus\bus.cpp" />
    <ClCompile Include="spu\spu.cpp" />
  </ItemGroup>
  <ItemGroup>
    <None Include="gte\stub.md" />
    <None Include="mdec\stub.md" />
    <None Include="cd-rom\stub.md" />
  </ItemGroup>
</Project>