<?xml version="1.0" encoding="utf-8"?>
<Project ToolsVersion="4.0" xmlns="http://schemas.microsoft.com/developer/msbuild/2003">
  <ItemGroup>
    <ClInclude Include="targetver.h" />
    <ClInclude Include="stdafx.h" />
    <ClInclude Include="util.h" />
    <ClInclude Include="system.h" />
    <ClInclude Include="r3051\r3051.h" />
    <ClInclude Include="bus\bus.h" />
    <ClInclude Include="r3051\cop0.h" />
  </ItemGroup>
  <ItemGroup>
    <ClCompile Include="stdafx.c" />
    <ClCompile Include="psxact.c" />
    <ClCompile Include="util.c" />
    <ClCompile Include="system.c" />
    <ClCompile Include="r3051\r3051.c" />
    <ClCompile Include="r3051\stage-rf.c" />
    <ClCompile Include="r3051\stage-ic.c" />
    <ClCompile Include="r3051\stage-ex.c" />
    <ClCompile Include="r3051\stage-dc.c" />
    <ClCompile Include="r3051\stage-wb.c" />
    <ClCompile Include="bus\bus.c" />
    <ClCompile Include="r3051\cop0.c" />
    <ClCompile Include="r3051\dcache.c" />
    <ClCompile Include="r3051\icache.c" />
  </ItemGroup>
  <ItemGroup>
    <None Include="gpu\stub.md" />
    <None Include="gte\stub.md" />
    <None Include="mdec\stub.md" />
    <None Include="spu\stub.md" />
    <None Include="cd-rom\stub.md" />
  </ItemGroup>
</Project>